
Microsoft Visual Studio Solution File, Format Version 12.00
# Visual Studio Version 17
VisualStudioVersion = 17.3.32901.215
MinimumVisualStudioVersion = 10.0.40219.1
Project("{FAE04EC0-301F-11D3-BF4B-00C04F79EFBC}") = "taksit hesaplama", "taksit hesaplama\taksit hesaplama.csproj", "{BC0CF529-DEA9-41D8-9AFA-258F3FA949E3}"
EndProject
Global
	GlobalSection(SolutionConfigurationPlatforms) = preSolution
		Debug|Any CPU = Debug|Any CPU
		Release|Any CPU = Release|Any CPU
	EndGlobalSection
	GlobalSection(ProjectConfigurationPlatforms) = postSolution
		{BC0CF529-DEA9-41D8-9AFA-258F3FA949E3}.Debug|Any CPU.ActiveCfg = Debug|Any CPU
		{BC0CF529-DEA9-41D8-9AFA-258F3FA949E3}.Debug|Any CPU.Build.0 = Debug|Any CPU
		{BC0CF529-DEA9-41D8-9AFA-258F3FA949E3}.Release|Any CPU.ActiveCfg = Release|Any CPU
		{BC0CF529-DEA9-41D8-9AFA-258F3FA949E3}.Release|Any CPU.Build.0 = Release|Any CPU
	EndGlobalSection
	GlobalSection(SolutionProperties) = preSolution
		HideSolutionNode = FALSE
	EndGlobalSection
	GlobalSection(ExtensibilityGlobals) = postSolution
		SolutionGuid = {C2D1BA1E-D080-488F-8EA7-99721BE24A22}
	EndGlobalSection
EndGlobal
